{
  "requires": true,
  "lockfileVersion": 1,
  "dependencies": {
    "accessibility-buttons": {
      "version": "4.0.0",
      "resolved": "https://registry.npmjs.org/accessibility-buttons/-/accessibility-buttons-4.0.0.tgz",
      "integrity": "sha512-OZMsMhvRXeVR4Ozxv4D7/CL5lUahNwxnx5e0exqTM38+iLVz5Pg5xVHJhol693x3gjOyS1cTQvnZMvlR9i+3Vw=="
    }
  }
}
